
Microsoft Visual Studio Solution File, Format Version 11.00
# Visual Studio 2010
Project("{FAE04EC0-301F-11D3-BF4B-00C04F79EFBC}") = "GingerSpace", "Assembly-CSharp-firstpass.csproj", "{794260C1-0FB4-30F5-A0EC-189F934837E2}"
EndProject
Project("{FAE04EC0-301F-11D3-BF4B-00C04F79EFBC}") = "GingerSpace", "Assembly-CSharp.csproj", "{7F3EAAC4-932E-6AF6-8668-BE826E1EA292}"
EndProject
Project("{FAE04EC0-301F-11D3-BF4B-00C04F79EFBC}") = "GingerSpace", "Assembly-CSharp-Editor-firstpass.csproj", "{4A09A075-28C6-7B8E-F2A7-D3DA7A984421}"
EndProject
Global
	GlobalSection(SolutionConfigurationPlatforms) = preSolution
		Debug|Any CPU = Debug|Any CPU
		Release|Any CPU = Release|Any CPU
	EndGlobalSection
	GlobalSection(ProjectConfigurationPlatforms) = postSolution
		{794260C1-0FB4-30F5-A0EC-189F934837E2}.Debug|Any CPU.ActiveCfg = Debug|Any CPU
		{794260C1-0FB4-30F5-A0EC-189F934837E2}.Debug|Any CPU.Build.0 = Debug|Any CPU
		{794260C1-0FB4-30F5-A0EC-189F934837E2}.Release|Any CPU.ActiveCfg = Release|Any CPU
		{794260C1-0FB4-30F5-A0EC-189F934837E2}.Release|Any CPU.Build.0 = Release|Any CPU
		{7F3EAAC4-932E-6AF6-8668-BE826E1EA292}.Debug|Any CPU.ActiveCfg = Debug|Any CPU
		{7F3EAAC4-932E-6AF6-8668-BE826E1EA292}.Debug|Any CPU.Build.0 = Debug|Any CPU
		{7F3EAAC4-932E-6AF6-8668-BE826E1EA292}.Release|Any CPU.ActiveCfg = Release|Any CPU
		{7F3EAAC4-932E-6AF6-8668-BE826E1EA292}.Release|Any CPU.Build.0 = Release|Any CPU
		{4A09A075-28C6-7B8E-F2A7-D3DA7A984421}.Debug|Any CPU.ActiveCfg = Debug|Any CPU
		{4A09A075-28C6-7B8E-F2A7-D3DA7A984421}.Debug|Any CPU.Build.0 = Debug|Any CPU
		{4A09A075-28C6-7B8E-F2A7-D3DA7A984421}.Release|Any CPU.ActiveCfg = Release|Any CPU
		{4A09A075-28C6-7B8E-F2A7-D3DA7A984421}.Release|Any CPU.Build.0 = Release|Any CPU
	EndGlobalSection
	GlobalSection(SolutionProperties) = preSolution
		HideSolutionNode = FALSE
	EndGlobalSection
	GlobalSection(MonoDevelopProperties) = preSolution
		StartupItem = Assembly-CSharp.csproj
	EndGlobalSection
EndGlobal
