
Microsoft Visual Studio Solution File, Format Version 12.00
# Visual Studio 2017
Project("{FAE04EC0-301F-11D3-BF4B-00C04F79EFBC}") = "GingerSpace.Plugins", "GingerSpace.Plugins.csproj", "{AEDFEF81-222B-1D3B-45EA-5F8048E2F14F}"
EndProject
Project("{FAE04EC0-301F-11D3-BF4B-00C04F79EFBC}") = "GingerSpace", "GingerSpace.csproj", "{1F8C59EF-5447-F4FF-96F7-A561EC7E3C11}"
EndProject
Project("{FAE04EC0-301F-11D3-BF4B-00C04F79EFBC}") = "GingerSpace.Editor.Plugins", "GingerSpace.Editor.Plugins.csproj", "{950F2E7F-123D-163D-E233-319E9434F49B}"
EndProject
Global
	GlobalSection(SolutionConfigurationPlatforms) = preSolution
		Debug|Any CPU = Debug|Any CPU
		Release|Any CPU = Release|Any CPU
	EndGlobalSection
	GlobalSection(ProjectConfigurationPlatforms) = postSolution
		{AEDFEF81-222B-1D3B-45EA-5F8048E2F14F}.Debug|Any CPU.ActiveCfg = Debug|Any CPU
		{AEDFEF81-222B-1D3B-45EA-5F8048E2F14F}.Debug|Any CPU.Build.0 = Debug|Any CPU
		{AEDFEF81-222B-1D3B-45EA-5F8048E2F14F}.Release|Any CPU.ActiveCfg = Release|Any CPU
		{AEDFEF81-222B-1D3B-45EA-5F8048E2F14F}.Release|Any CPU.Build.0 = Release|Any CPU
		{1F8C59EF-5447-F4FF-96F7-A561EC7E3C11}.Debug|Any CPU.ActiveCfg = Debug|Any CPU
		{1F8C59EF-5447-F4FF-96F7-A561EC7E3C11}.Debug|Any CPU.Build.0 = Debug|Any CPU
		{1F8C59EF-5447-F4FF-96F7-A561EC7E3C11}.Release|Any CPU.ActiveCfg = Release|Any CPU
		{1F8C59EF-5447-F4FF-96F7-A561EC7E3C11}.Release|Any CPU.Build.0 = Release|Any CPU
		{950F2E7F-123D-163D-E233-319E9434F49B}.Debug|Any CPU.ActiveCfg = Debug|Any CPU
		{950F2E7F-123D-163D-E233-319E9434F49B}.Debug|Any CPU.Build.0 = Debug|Any CPU
		{950F2E7F-123D-163D-E233-319E9434F49B}.Release|Any CPU.ActiveCfg = Release|Any CPU
		{950F2E7F-123D-163D-E233-319E9434F49B}.Release|Any CPU.Build.0 = Release|Any CPU
	EndGlobalSection
	GlobalSection(SolutionProperties) = preSolution
		HideSolutionNode = FALSE
	EndGlobalSection
EndGlobal
